
Microsoft Visual Studio Solution File, Format Version 12.00
# Visual Studio Version 16
VisualStudioVersion = 16.0.30621.155
MinimumVisualStudioVersion = 10.0.40219.1
Project("{9A19103F-16F7-4668-BE54-9A1E7A4F7556}") = "videoprokat_winform", "videoprokat_winform\videoprokat_winform.csproj", "{03F0F534-2E4D-4E09-B3ED-2E6324BEC168}"
EndProject
Project("{FAE04EC0-301F-11D3-BF4B-00C04F79EFBC}") = "videoprokat_winform.Tests", "videoprokat_winform.Tests\videoprokat_winform.Tests.csproj", "{60150BC7-F3E5-4013-BF91-E9B56F433395}"
EndProject
Global
	GlobalSection(SolutionConfigurationPlatforms) = preSolution
		Debug|Any CPU = Debug|Any CPU
		Release|Any CPU = Release|Any CPU
	EndGlobalSection
	GlobalSection(ProjectConfigurationPlatforms) = postSolution
		{03F0F534-2E4D-4E09-B3ED-2E6324BEC168}.Debug|Any CPU.ActiveCfg = Debug|Any CPU
		{03F0F534-2E4D-4E09-B3ED-2E6324BEC168}.Debug|Any CPU.Build.0 = Debug|Any CPU
		{03F0F534-2E4D-4E09-B3ED-2E6324BEC168}.Release|Any CPU.ActiveCfg = Release|Any CPU
		{03F0F534-2E4D-4E09-B3ED-2E6324BEC168}.Release|Any CPU.Build.0 = Release|Any CPU
		{60150BC7-F3E5-4013-BF91-E9B56F433395}.Debug|Any CPU.ActiveCfg = Debug|Any CPU
		{60150BC7-F3E5-4013-BF91-E9B56F433395}.Debug|Any CPU.Build.0 = Debug|Any CPU
		{60150BC7-F3E5-4013-BF91-E9B56F433395}.Release|Any CPU.ActiveCfg = Release|Any CPU
		{60150BC7-F3E5-4013-BF91-E9B56F433395}.Release|Any CPU.Build.0 = Release|Any CPU
	EndGlobalSection
	GlobalSection(SolutionProperties) = preSolution
		HideSolutionNode = FALSE
	EndGlobalSection
	GlobalSection(ExtensibilityGlobals) = postSolution
		SolutionGuid = {261A5C04-C516-4BFC-B5D7-30CFA1BE826C}
	EndGlobalSection
EndGlobal
